
Microsoft Visual Studio Solution File, Format Version 12.00
# Visual Studio 2013
VisualStudioVersion = 12.0.31101.0
MinimumVisualStudioVersion = 10.0.40219.1
Project("{FAE04EC0-301F-11D3-BF4B-00C04F79EFBC}") = "BakeryManagementSystem", "Bakery Management System\BakeryManagementSystem.csproj", "{F2AABD8B-467B-452A-90AF-5881A926C07F}"
EndProject
Project("{FAE04EC0-301F-11D3-BF4B-00C04F79EFBC}") = "Domain", "Domain\Domain.csproj", "{1550F145-1F56-48D2-ACD4-8FECC740D01D}"
EndProject
Project("{FAE04EC0-301F-11D3-BF4B-00C04F79EFBC}") = "Infrastructure", "Infrastructure\Infrastructure.csproj", "{45A3B262-7756-4A4F-837F-38BE836C2CA4}"
EndProject
Project("{FAE04EC0-301F-11D3-BF4B-00C04F79EFBC}") = "Shared", "Shared\Shared.csproj", "{EB997C6C-C488-4831-B9DE-930D7A38DBBA}"
EndProject
Project("{FAE04EC0-301F-11D3-BF4B-00C04F79EFBC}") = "Tests", "Tests\Tests.csproj", "{AD36F6DE-A6FE-48F0-88D9-A9F7C71DF1DB}"
EndProject
Project("{FAE04EC0-301F-11D3-BF4B-00C04F79EFBC}") = "Controller", "Controller\Controller.csproj", "{BD10254E-9EBB-4F68-9CFE-E62E167B6EAC}"
EndProject
Global
	GlobalSection(SolutionConfigurationPlatforms) = preSolution
		Debug|Any CPU = Debug|Any CPU
		Debug|ARM = Debug|ARM
		Debug|x64 = Debug|x64
		Debug|x86 = Debug|x86
		Release|Any CPU = Release|Any CPU
		Release|ARM = Release|ARM
		Release|x64 = Release|x64
		Release|x86 = Release|x86
	EndGlobalSection
	GlobalSection(ProjectConfigurationPlatforms) = postSolution
		{F2AABD8B-467B-452A-90AF-5881A926C07F}.Debug|Any CPU.ActiveCfg = Debug|Any CPU
		{F2AABD8B-467B-452A-90AF-5881A926C07F}.Debug|Any CPU.Build.0 = Debug|Any CPU
		{F2AABD8B-467B-452A-90AF-5881A926C07F}.Debug|ARM.ActiveCfg = Debug|Any CPU
		{F2AABD8B-467B-452A-90AF-5881A926C07F}.Debug|x64.ActiveCfg = Debug|Any CPU
		{F2AABD8B-467B-452A-90AF-5881A926C07F}.Debug|x86.ActiveCfg = Debug|Any CPU
		{F2AABD8B-467B-452A-90AF-5881A926C07F}.Release|Any CPU.ActiveCfg = Release|Any CPU
		{F2AABD8B-467B-452A-90AF-5881A926C07F}.Release|Any CPU.Build.0 = Release|Any CPU
		{F2AABD8B-467B-452A-90AF-5881A926C07F}.Release|ARM.ActiveCfg = Release|Any CPU
		{F2AABD8B-467B-452A-90AF-5881A926C07F}.Release|x64.ActiveCfg = Release|Any CPU
		{F2AABD8B-467B-452A-90AF-5881A926C07F}.Release|x86.ActiveCfg = Release|Any CPU
		{1550F145-1F56-48D2-ACD4-8FECC740D01D}.Debug|Any CPU.ActiveCfg = Debug|Any CPU
		{1550F145-1F56-48D2-ACD4-8FECC740D01D}.Debug|Any CPU.Build.0 = Debug|Any CPU
		{1550F145-1F56-48D2-ACD4-8FECC740D01D}.Debug|ARM.ActiveCfg = Debug|Any CPU
		{1550F145-1F56-48D2-ACD4-8FECC740D01D}.Debug|x64.ActiveCfg = Debug|Any CPU
		{1550F145-1F56-48D2-ACD4-8FECC740D01D}.Debug|x86.ActiveCfg = Debug|Any CPU
		{1550F145-1F56-48D2-ACD4-8FECC740D01D}.Release|Any CPU.ActiveCfg = Release|Any CPU
		{1550F145-1F56-48D2-ACD4-8FECC740D01D}.Release|Any CPU.Build.0 = Release|Any CPU
		{1550F145-1F56-48D2-ACD4-8FECC740D01D}.Release|ARM.ActiveCfg = Release|Any CPU
		{1550F145-1F56-48D2-ACD4-8FECC740D01D}.Release|x64.ActiveCfg = Release|Any CPU
		{1550F145-1F56-48D2-ACD4-8FECC740D01D}.Release|x86.ActiveCfg = Release|Any CPU
		{45A3B262-7756-4A4F-837F-38BE836C2CA4}.Debug|Any CPU.ActiveCfg = Debug|Any CPU
		{45A3B262-7756-4A4F-837F-38BE836C2CA4}.Debug|Any CPU.Build.0 = Debug|Any CPU
		{45A3B262-7756-4A4F-837F-38BE836C2CA4}.Debug|ARM.ActiveCfg = Debug|Any CPU
		{45A3B262-7756-4A4F-837F-38BE836C2CA4}.Debug|x64.ActiveCfg = Debug|Any CPU
		{45A3B262-7756-4A4F-837F-38BE836C2CA4}.Debug|x86.ActiveCfg = Debug|Any CPU
		{45A3B262-7756-4A4F-837F-38BE836C2CA4}.Release|Any CPU.ActiveCfg = Release|Any CPU
		{45A3B262-7756-4A4F-837F-38BE836C2CA4}.Release|Any CPU.Build.0 = Release|Any CPU
		{45A3B262-7756-4A4F-837F-38BE836C2CA4}.Release|ARM.ActiveCfg = Release|Any CPU
		{45A3B262-7756-4A4F-837F-38BE836C2CA4}.Release|x64.ActiveCfg = Release|Any CPU
		{45A3B262-7756-4A4F-837F-38BE836C2CA4}.Release|x86.ActiveCfg = Release|Any CPU
		{EB997C6C-C488-4831-B9DE-930D7A38DBBA}.Debug|Any CPU.ActiveCfg = Debug|Any CPU
		{EB997C6C-C488-4831-B9DE-930D7A38DBBA}.Debug|Any CPU.Build.0 = Debug|Any CPU
		{EB997C6C-C488-4831-B9DE-930D7A38DBBA}.Debug|ARM.ActiveCfg = Debug|Any CPU
		{EB997C6C-C488-4831-B9DE-930D7A38DBBA}.Debug|x64.ActiveCfg = Debug|Any CPU
		{EB997C6C-C488-4831-B9DE-930D7A38DBBA}.Debug|x86.ActiveCfg = Debug|Any CPU
		{EB997C6C-C488-4831-B9DE-930D7A38DBBA}.Release|Any CPU.ActiveCfg = Release|Any CPU
		{EB997C6C-C488-4831-B9DE-930D7A38DBBA}.Release|Any CPU.Build.0 = Release|Any CPU
		{EB997C6C-C488-4831-B9DE-930D7A38DBBA}.Release|ARM.ActiveCfg = Release|Any CPU
		{EB997C6C-C488-4831-B9DE-930D7A38DBBA}.Release|x64.ActiveCfg = Release|Any CPU
		{EB997C6C-C488-4831-B9DE-930D7A38DBBA}.Release|x86.ActiveCfg = Release|Any CPU
		{AD36F6DE-A6FE-48F0-88D9-A9F7C71DF1DB}.Debug|Any CPU.ActiveCfg = Debug|Any CPU
		{AD36F6DE-A6FE-48F0-88D9-A9F7C71DF1DB}.Debug|Any CPU.Build.0 = Debug|Any CPU
		{AD36F6DE-A6FE-48F0-88D9-A9F7C71DF1DB}.Debug|ARM.ActiveCfg = Debug|Any CPU
		{AD36F6DE-A6FE-48F0-88D9-A9F7C71DF1DB}.Debug|x64.ActiveCfg = Debug|Any CPU
		{AD36F6DE-A6FE-48F0-88D9-A9F7C71DF1DB}.Debug|x86.ActiveCfg = Debug|Any CPU
		{AD36F6DE-A6FE-48F0-88D9-A9F7C71DF1DB}.Release|Any CPU.ActiveCfg = Release|Any CPU
		{AD36F6DE-A6FE-48F0-88D9-A9F7C71DF1DB}.Release|Any CPU.Build.0 = Release|Any CPU
		{AD36F6DE-A6FE-48F0-88D9-A9F7C71DF1DB}.Release|ARM.ActiveCfg = Release|Any CPU
		{AD36F6DE-A6FE-48F0-88D9-A9F7C71DF1DB}.Release|x64.ActiveCfg = Release|Any CPU
		{AD36F6DE-A6FE-48F0-88D9-A9F7C71DF1DB}.Release|x86.ActiveCfg = Release|Any CPU
		{BD10254E-9EBB-4F68-9CFE-E62E167B6EAC}.Debug|Any CPU.ActiveCfg = Debug|Any CPU
		{BD10254E-9EBB-4F68-9CFE-E62E167B6EAC}.Debug|Any CPU.Build.0 = Debug|Any CPU
		{BD10254E-9EBB-4F68-9CFE-E62E167B6EAC}.Debug|ARM.ActiveCfg = Debug|Any CPU
		{BD10254E-9EBB-4F68-9CFE-E62E167B6EAC}.Debug|x64.ActiveCfg = Debug|Any CPU
		{BD10254E-9EBB-4F68-9CFE-E62E167B6EAC}.Debug|x86.ActiveCfg = Debug|Any CPU
		{BD10254E-9EBB-4F68-9CFE-E62E167B6EAC}.Release|Any CPU.ActiveCfg = Release|Any CPU
		{BD10254E-9EBB-4F68-9CFE-E62E167B6EAC}.Release|Any CPU.Build.0 = Release|Any CPU
		{BD10254E-9EBB-4F68-9CFE-E62E167B6EAC}.Release|ARM.ActiveCfg = Release|Any CPU
		{BD10254E-9EBB-4F68-9CFE-E62E167B6EAC}.Release|x64.ActiveCfg = Release|Any CPU
		{BD10254E-9EBB-4F68-9CFE-E62E167B6EAC}.Release|x86.ActiveCfg = Release|Any CPU
	EndGlobalSection
	GlobalSection(SolutionProperties) = preSolution
		HideSolutionNode = FALSE
	EndGlobalSection
EndGlobal
